
Microsoft Visual Studio Solution File, Format Version 11.00
# Visual Studio 2010
Project("{FAE04EC0-301F-11D3-BF4B-00C04F79EFBC}") = "Flashdrive", "Flashdrive\Flashdrive.csproj", "{84D16931-4AB4-4715-B6E2-7CC93D0A74CB}"
EndProject
Global
	GlobalSection(SolutionConfigurationPlatforms) = preSolution
		Debug|Any CPU = Debug|Any CPU
		Release|Any CPU = Release|Any CPU
	EndGlobalSection
	GlobalSection(ProjectConfigurationPlatforms) = postSolution
		{84D16931-4AB4-4715-B6E2-7CC93D0A74CB}.Debug|Any CPU.ActiveCfg = Debug|Any CPU
		{84D16931-4AB4-4715-B6E2-7CC93D0A74CB}.Debug|Any CPU.Build.0 = Debug|Any CPU
		{84D16931-4AB4-4715-B6E2-7CC93D0A74CB}.Release|Any CPU.ActiveCfg = Release|Any CPU
		{84D16931-4AB4-4715-B6E2-7CC93D0A74CB}.Release|Any CPU.Build.0 = Release|Any CPU
	EndGlobalSection
	GlobalSection(SolutionProperties) = preSolution
		HideSolutionNode = FALSE
	EndGlobalSection
EndGlobal
